<?xml version="1.0" encoding="utf-8"?>
<Project ToolsVersion="4.0" xmlns="http://schemas.microsoft.com/developer/msbuild/2003">
  <ItemGroup>
    <ClCompile Include="Trollberg.cpp" />
    <ClCompile Include="Actor.cpp">
      <Filter>Entity and Actor</Filter>
    </ClCompile>
    <ClCompile Include="Entity.cpp">
      <Filter>Entity and Actor</Filter>
    </ClCompile>
    <ClCompile Include="GameScene.cpp">
      <Filter>Scenes</Filter>
    </ClCompile>
    <ClCompile Include="ParallaxLayer.cpp">
      <Filter>Layers</Filter>
    </ClCompile>
    <ClCompile Include="GameLayer.cpp">
      <Filter>Layers</Filter>
    </ClCompile>
    <ClCompile Include="Player.cpp">
      <Filter>Player</Filter>
    </ClCompile>
    <ClCompile Include="Weapon.cpp">
      <Filter>Player</Filter>
    </ClCompile>
    <ClCompile Include="Animation.cpp">
      <Filter>Entity and Actor</Filter>
    </ClCompile>
    <ClCompile Include="LevelParser.cpp">
      <Filter>Other</Filter>
    </ClCompile>
    <ClCompile Include="LightRifle.cpp">
      <Filter>Player</Filter>
    </ClCompile>
    <ClCompile Include="Troll.cpp">
      <Filter>Enemies</Filter>
    </ClCompile>
    <ClCompile Include="TrollControl.cpp" />
    <ClCompile Include="TrollAI.cpp" />
    <ClCompile Include="Slinker.cpp" />
  </ItemGroup>
  <ItemGroup>
    <ClInclude Include="Trollberg.h" />
    <ClInclude Include="Actor.h">
      <Filter>Entity and Actor</Filter>
    </ClInclude>
    <ClInclude Include="Entity.h">
      <Filter>Entity and Actor</Filter>
    </ClInclude>
    <ClInclude Include="GameScene.h">
      <Filter>Scenes</Filter>
    </ClInclude>
    <ClInclude Include="ParallaxLayer.h">
      <Filter>Layers</Filter>
    </ClInclude>
    <ClInclude Include="GameLayer.h">
      <Filter>Layers</Filter>
    </ClInclude>
    <ClInclude Include="Player.h">
      <Filter>Player</Filter>
    </ClInclude>
    <ClInclude Include="Weapon.h">
      <Filter>Player</Filter>
    </ClInclude>
    <ClInclude Include="Animation.h">
      <Filter>Entity and Actor</Filter>
    </ClInclude>
    <ClInclude Include="LevelParser.h">
      <Filter>Other</Filter>
    </ClInclude>
    <ClInclude Include="LevelData.h">
      <Filter>Other</Filter>
    </ClInclude>
    <ClInclude Include="LightRifle.h">
      <Filter>Player</Filter>
    </ClInclude>
    <ClInclude Include="Troll.h">
      <Filter>Enemies</Filter>
    </ClInclude>
    <ClInclude Include="TrollControl.h" />
    <ClInclude Include="TrollAI.h" />
    <ClInclude Include="Slinker.h" />
  </ItemGroup>
  <ItemGroup>
    <Filter Include="Scenes">
      <UniqueIdentifier>{dbf6d1ba-379f-4ed5-b1e6-f4f5a9d259e8}</UniqueIdentifier>
    </Filter>
    <Filter Include="Layers">
      <UniqueIdentifier>{5c804537-2911-4ffa-8fbc-7e1b8c9421bf}</UniqueIdentifier>
    </Filter>
    <Filter Include="Other">
      <UniqueIdentifier>{c0ffbd7b-e538-4e22-86e3-54671ef89852}</UniqueIdentifier>
    </Filter>
    <Filter Include="Player">
      <UniqueIdentifier>{876ff9be-70d3-4238-b008-3d3be76a0e41}</UniqueIdentifier>
    </Filter>
    <Filter Include="Entity and Actor">
      <UniqueIdentifier>{84b677de-9bf4-4907-93cf-149191107960}</UniqueIdentifier>
    </Filter>
    <Filter Include="Enemies">
      <UniqueIdentifier>{ffb15992-e8c9-4341-b145-7025fb15be3f}</UniqueIdentifier>
    </Filter>
  </ItemGroup>
</Project>